
Microsoft Visual Studio Solution File, Format Version 12.00
# Visual Studio 2012
Project("{FAE04EC0-301F-11D3-BF4B-00C04F79EFBC}") = "TestBuildTaskMobile.Droid", "Droid\TestBuildTaskMobile.Droid.csproj", "{3C57DFCB-B385-4D45-8272-96C249AE097A}"
EndProject
Project("{FAE04EC0-301F-11D3-BF4B-00C04F79EFBC}") = "BuildTasks", "BuildTasks\BuildTasks.csproj", "{61D180D5-F9E0-43D9-B67E-BEB7D4AA3222}"
EndProject
Project("{2150E333-8FDC-42A3-9474-1A3956D46DE8}") = "Tasks", "Tasks", "{AF84250D-1F89-4CEF-AC06-ECFDE8B18E8F}"
	ProjectSection(SolutionItems) = preProject
		Tasks\Build.tasks = Tasks\Build.tasks
	EndProjectSection
EndProject
Global
	GlobalSection(SolutionConfigurationPlatforms) = preSolution
		Debug|iPhoneSimulator = Debug|iPhoneSimulator
		Release|iPhone = Release|iPhone
		Release|iPhoneSimulator = Release|iPhoneSimulator
		Debug|iPhone = Debug|iPhone
		Debug|Any CPU = Debug|Any CPU
		Release|Any CPU = Release|Any CPU
		Red|Any CPU = Red|Any CPU
		Green|Any CPU = Green|Any CPU
		Blue|Any CPU = Blue|Any CPU
		Purple|Any CPU = Purple|Any CPU
	EndGlobalSection
	GlobalSection(ProjectConfigurationPlatforms) = postSolution
		{3C57DFCB-B385-4D45-8272-96C249AE097A}.Blue|Any CPU.ActiveCfg = Blue|Any CPU
		{3C57DFCB-B385-4D45-8272-96C249AE097A}.Blue|Any CPU.Build.0 = Blue|Any CPU
		{3C57DFCB-B385-4D45-8272-96C249AE097A}.Debug|Any CPU.ActiveCfg = Debug|Any CPU
		{3C57DFCB-B385-4D45-8272-96C249AE097A}.Debug|Any CPU.Build.0 = Debug|Any CPU
		{3C57DFCB-B385-4D45-8272-96C249AE097A}.Debug|iPhone.ActiveCfg = Debug|Any CPU
		{3C57DFCB-B385-4D45-8272-96C249AE097A}.Debug|iPhone.Build.0 = Debug|Any CPU
		{3C57DFCB-B385-4D45-8272-96C249AE097A}.Debug|iPhoneSimulator.ActiveCfg = Debug|Any CPU
		{3C57DFCB-B385-4D45-8272-96C249AE097A}.Debug|iPhoneSimulator.Build.0 = Debug|Any CPU
		{3C57DFCB-B385-4D45-8272-96C249AE097A}.Green|Any CPU.ActiveCfg = Green|Any CPU
		{3C57DFCB-B385-4D45-8272-96C249AE097A}.Green|Any CPU.Build.0 = Green|Any CPU
		{3C57DFCB-B385-4D45-8272-96C249AE097A}.Purple|Any CPU.ActiveCfg = Purple|Any CPU
		{3C57DFCB-B385-4D45-8272-96C249AE097A}.Purple|Any CPU.Build.0 = Purple|Any CPU
		{3C57DFCB-B385-4D45-8272-96C249AE097A}.Red|Any CPU.ActiveCfg = Red|Any CPU
		{3C57DFCB-B385-4D45-8272-96C249AE097A}.Red|Any CPU.Build.0 = Red|Any CPU
		{3C57DFCB-B385-4D45-8272-96C249AE097A}.Release|Any CPU.ActiveCfg = Release|Any CPU
		{3C57DFCB-B385-4D45-8272-96C249AE097A}.Release|Any CPU.Build.0 = Release|Any CPU
		{3C57DFCB-B385-4D45-8272-96C249AE097A}.Release|iPhone.ActiveCfg = Release|Any CPU
		{3C57DFCB-B385-4D45-8272-96C249AE097A}.Release|iPhone.Build.0 = Release|Any CPU
		{3C57DFCB-B385-4D45-8272-96C249AE097A}.Release|iPhoneSimulator.ActiveCfg = Release|Any CPU
		{3C57DFCB-B385-4D45-8272-96C249AE097A}.Release|iPhoneSimulator.Build.0 = Release|Any CPU
		{61D180D5-F9E0-43D9-B67E-BEB7D4AA3222}.Blue|Any CPU.ActiveCfg = Blue|Any CPU
		{61D180D5-F9E0-43D9-B67E-BEB7D4AA3222}.Blue|Any CPU.Build.0 = Blue|Any CPU
		{61D180D5-F9E0-43D9-B67E-BEB7D4AA3222}.Debug|Any CPU.ActiveCfg = Debug|Any CPU
		{61D180D5-F9E0-43D9-B67E-BEB7D4AA3222}.Debug|Any CPU.Build.0 = Debug|Any CPU
		{61D180D5-F9E0-43D9-B67E-BEB7D4AA3222}.Debug|iPhone.ActiveCfg = Debug|Any CPU
		{61D180D5-F9E0-43D9-B67E-BEB7D4AA3222}.Debug|iPhone.Build.0 = Debug|Any CPU
		{61D180D5-F9E0-43D9-B67E-BEB7D4AA3222}.Debug|iPhoneSimulator.ActiveCfg = Debug|Any CPU
		{61D180D5-F9E0-43D9-B67E-BEB7D4AA3222}.Debug|iPhoneSimulator.Build.0 = Debug|Any CPU
		{61D180D5-F9E0-43D9-B67E-BEB7D4AA3222}.Green|Any CPU.ActiveCfg = Green|Any CPU
		{61D180D5-F9E0-43D9-B67E-BEB7D4AA3222}.Green|Any CPU.Build.0 = Green|Any CPU
		{61D180D5-F9E0-43D9-B67E-BEB7D4AA3222}.Purple|Any CPU.ActiveCfg = Purple|Any CPU
		{61D180D5-F9E0-43D9-B67E-BEB7D4AA3222}.Purple|Any CPU.Build.0 = Purple|Any CPU
		{61D180D5-F9E0-43D9-B67E-BEB7D4AA3222}.Red|Any CPU.ActiveCfg = Red|Any CPU
		{61D180D5-F9E0-43D9-B67E-BEB7D4AA3222}.Red|Any CPU.Build.0 = Red|Any CPU
		{61D180D5-F9E0-43D9-B67E-BEB7D4AA3222}.Release|Any CPU.ActiveCfg = Release|Any CPU
		{61D180D5-F9E0-43D9-B67E-BEB7D4AA3222}.Release|Any CPU.Build.0 = Release|Any CPU
		{61D180D5-F9E0-43D9-B67E-BEB7D4AA3222}.Release|iPhone.ActiveCfg = Release|Any CPU
		{61D180D5-F9E0-43D9-B67E-BEB7D4AA3222}.Release|iPhone.Build.0 = Release|Any CPU
		{61D180D5-F9E0-43D9-B67E-BEB7D4AA3222}.Release|iPhoneSimulator.ActiveCfg = Release|Any CPU
		{61D180D5-F9E0-43D9-B67E-BEB7D4AA3222}.Release|iPhoneSimulator.Build.0 = Release|Any CPU
	EndGlobalSection
	GlobalSection(NestedProjects) = preSolution
	EndGlobalSection
EndGlobal
